
Microsoft Visual Studio Solution File, Format Version 12.00
# Visual Studio Version 17
VisualStudioVersion = 17.8.34525.116
MinimumVisualStudioVersion = 10.0.40219.1
Project("{FAE04EC0-301F-11D3-BF4B-00C04F79EFBC}") = "CadastroDeUsuario", "CadastroDeUsuario\CadastroDeUsuario.csproj", "{A1437C25-3A11-4C92-B398-69034F85BFEA}"
EndProject
Global
	GlobalSection(SolutionConfigurationPlatforms) = preSolution
		Debug|Any CPU = Debug|Any CPU
		Release|Any CPU = Release|Any CPU
	EndGlobalSection
	GlobalSection(ProjectConfigurationPlatforms) = postSolution
		{A1437C25-3A11-4C92-B398-69034F85BFEA}.Debug|Any CPU.ActiveCfg = Debug|Any CPU
		{A1437C25-3A11-4C92-B398-69034F85BFEA}.Debug|Any CPU.Build.0 = Debug|Any CPU
		{A1437C25-3A11-4C92-B398-69034F85BFEA}.Release|Any CPU.ActiveCfg = Release|Any CPU
		{A1437C25-3A11-4C92-B398-69034F85BFEA}.Release|Any CPU.Build.0 = Release|Any CPU
	EndGlobalSection
	GlobalSection(SolutionProperties) = preSolution
		HideSolutionNode = FALSE
	EndGlobalSection
	GlobalSection(ExtensibilityGlobals) = postSolution
		SolutionGuid = {28AE454C-C32B-4742-82F6-C494C836B065}
	EndGlobalSection
EndGlobal
